
Microsoft Visual Studio Solution File, Format Version 12.00
# Visual Studio Version 17
VisualStudioVersion = 17.1.32407.343
MinimumVisualStudioVersion = 10.0.40219.1
Project("{FAE04EC0-301F-11D3-BF4B-00C04F79EFBC}") = "Blockbuster", "Blockbuster\Blockbuster.csproj", "{3F3758E4-C860-4772-9149-77D5CDC754EE}"
EndProject
Global
	GlobalSection(SolutionConfigurationPlatforms) = preSolution
		Debug|Any CPU = Debug|Any CPU
		Release|Any CPU = Release|Any CPU
	EndGlobalSection
	GlobalSection(ProjectConfigurationPlatforms) = postSolution
		{3F3758E4-C860-4772-9149-77D5CDC754EE}.Debug|Any CPU.ActiveCfg = Debug|Any CPU
		{3F3758E4-C860-4772-9149-77D5CDC754EE}.Debug|Any CPU.Build.0 = Debug|Any CPU
		{3F3758E4-C860-4772-9149-77D5CDC754EE}.Release|Any CPU.ActiveCfg = Release|Any CPU
		{3F3758E4-C860-4772-9149-77D5CDC754EE}.Release|Any CPU.Build.0 = Release|Any CPU
	EndGlobalSection
	GlobalSection(SolutionProperties) = preSolution
		HideSolutionNode = FALSE
	EndGlobalSection
	GlobalSection(ExtensibilityGlobals) = postSolution
		SolutionGuid = {FB130451-0AFD-41D0-B169-F8A8BF01B896}
	EndGlobalSection
EndGlobal
